
Microsoft Visual Studio Solution File, Format Version 12.00
# Visual Studio 15
VisualStudioVersion = 15.0.28307.902
MinimumVisualStudioVersion = 10.0.40219.1
Project("{FAE04EC0-301F-11D3-BF4B-00C04F79EFBC}") = "Nomura_Assessment", "Nomura_Assessment\Nomura_Assessment.csproj", "{9FD0A482-BB12-4A25-8B21-C872C64349FC}"
EndProject
Global
	GlobalSection(SolutionConfigurationPlatforms) = preSolution
		Debug|Any CPU = Debug|Any CPU
		Release|Any CPU = Release|Any CPU
	EndGlobalSection
	GlobalSection(ProjectConfigurationPlatforms) = postSolution
		{9FD0A482-BB12-4A25-8B21-C872C64349FC}.Debug|Any CPU.ActiveCfg = Debug|Any CPU
		{9FD0A482-BB12-4A25-8B21-C872C64349FC}.Debug|Any CPU.Build.0 = Debug|Any CPU
		{9FD0A482-BB12-4A25-8B21-C872C64349FC}.Release|Any CPU.ActiveCfg = Release|Any CPU
		{9FD0A482-BB12-4A25-8B21-C872C64349FC}.Release|Any CPU.Build.0 = Release|Any CPU
	EndGlobalSection
	GlobalSection(SolutionProperties) = preSolution
		HideSolutionNode = FALSE
	EndGlobalSection
	GlobalSection(ExtensibilityGlobals) = postSolution
		SolutionGuid = {6C3C2A1C-88F9-4B14-8C3D-B085BC51BE67}
	EndGlobalSection
EndGlobal
